
Microsoft Visual Studio Solution File, Format Version 11.00
# Visual Studio 2010
Project("{FAE04EC0-301F-11D3-BF4B-00C04F79EFBC}") = "StringMatch", "StringMatch\StringMatch.csproj", "{E2050C4C-D694-4AB2-9B9D-1C381A8A06E5}"
EndProject
Global
	GlobalSection(SolutionConfigurationPlatforms) = preSolution
		Debug|x86 = Debug|x86
		Release|x86 = Release|x86
	EndGlobalSection
	GlobalSection(ProjectConfigurationPlatforms) = postSolution
		{E2050C4C-D694-4AB2-9B9D-1C381A8A06E5}.Debug|x86.ActiveCfg = Debug|x86
		{E2050C4C-D694-4AB2-9B9D-1C381A8A06E5}.Debug|x86.Build.0 = Debug|x86
		{E2050C4C-D694-4AB2-9B9D-1C381A8A06E5}.Release|x86.ActiveCfg = Release|x86
		{E2050C4C-D694-4AB2-9B9D-1C381A8A06E5}.Release|x86.Build.0 = Release|x86
	EndGlobalSection
	GlobalSection(SolutionProperties) = preSolution
		HideSolutionNode = FALSE
	EndGlobalSection
EndGlobal
